
Microsoft Visual Studio Solution File, Format Version 12.00
# Visual Studio 2012
Project("{FAE04EC0-301F-11D3-BF4B-00C04F79EFBC}") = "libPolyCS", "libPolyCS\libPolyCS.csproj", "{A2BE305D-5932-4B08-9EDE-58A726406615}"
EndProject
Global
	GlobalSection(SolutionConfigurationPlatforms) = preSolution
		Debug|Any CPU = Debug|Any CPU
		Release|Any CPU = Release|Any CPU
	EndGlobalSection
	GlobalSection(ProjectConfigurationPlatforms) = postSolution
		{A2BE305D-5932-4B08-9EDE-58A726406615}.Debug|Any CPU.ActiveCfg = Debug|Any CPU
		{A2BE305D-5932-4B08-9EDE-58A726406615}.Debug|Any CPU.Build.0 = Debug|Any CPU
		{A2BE305D-5932-4B08-9EDE-58A726406615}.Release|Any CPU.ActiveCfg = Release|Any CPU
		{A2BE305D-5932-4B08-9EDE-58A726406615}.Release|Any CPU.Build.0 = Release|Any CPU
	EndGlobalSection
EndGlobal
